# This file is automatically @generated by Cargo.
# It is not intended for manual editing.
version = 4

[[package]]
name = "bternary"
version = "0.1.0"

[[package]]
name = "triode-arch"
version = "0.1.0"
dependencies = [
 "bternary",
]

[[package]]
name = "triode-asm"
version = "0.1.0"

[[package]]
name = "triode-cli"
version = "0.1.0"
